
Microsoft Visual Studio Solution File, Format Version 12.00
# Visual Studio Version 17
VisualStudioVersion = 17.7.34009.444
MinimumVisualStudioVersion = 10.0.40219.1
Project("{9A19103F-16F7-4668-BE54-9A1E7A4F7556}") = "SalvaDocFiscal", "SalvaDocFiscal.csproj", "{CB86D87F-8C79-44D1-8773-DFC29B168E3C}"
EndProject
Global
	GlobalSection(SolutionConfigurationPlatforms) = preSolution
		Debug|Any CPU = Debug|Any CPU
		Release|Any CPU = Release|Any CPU
	EndGlobalSection
	GlobalSection(ProjectConfigurationPlatforms) = postSolution
		{CB86D87F-8C79-44D1-8773-DFC29B168E3C}.Debug|Any CPU.ActiveCfg = Debug|Any CPU
		{CB86D87F-8C79-44D1-8773-DFC29B168E3C}.Debug|Any CPU.Build.0 = Debug|Any CPU
		{CB86D87F-8C79-44D1-8773-DFC29B168E3C}.Release|Any CPU.ActiveCfg = Release|Any CPU
		{CB86D87F-8C79-44D1-8773-DFC29B168E3C}.Release|Any CPU.Build.0 = Release|Any CPU
	EndGlobalSection
	GlobalSection(SolutionProperties) = preSolution
		HideSolutionNode = FALSE
	EndGlobalSection
	GlobalSection(ExtensibilityGlobals) = postSolution
		SolutionGuid = {0C8EF07F-42F9-485A-BE9D-830613F64BAE}
	EndGlobalSection
EndGlobal
